
Microsoft Visual Studio Solution File, Format Version 12.00
# Visual Studio 14
VisualStudioVersion = 14.0.25420.1
MinimumVisualStudioVersion = 10.0.40219.1
Project("{FAE04EC0-301F-11D3-BF4B-00C04F79EFBC}") = "TeduShop.Common", "TeduShop.Common\TeduShop.Common.csproj", "{7F002FE3-1639-4DC0-92D2-64DC3552ABA6}"
EndProject
Project("{FAE04EC0-301F-11D3-BF4B-00C04F79EFBC}") = "TeduShop.Data", "TeduShop.Data\TeduShop.Data.csproj", "{84E8E5C4-EE59-4064-983F-9D00F3A91AED}"
EndProject
Project("{FAE04EC0-301F-11D3-BF4B-00C04F79EFBC}") = "TeduShop.Model", "TeduShop.Model\TeduShop.Model.csproj", "{E8CBBA2B-F167-419D-9E1D-DB512EEA2EDA}"
EndProject
Project("{FAE04EC0-301F-11D3-BF4B-00C04F79EFBC}") = "TeduShop.Service", "TeduShop.Service\TeduShop.Service.csproj", "{50FE056E-98AF-44BB-BD4D-FF40C5083FEC}"
EndProject
Project("{FAE04EC0-301F-11D3-BF4B-00C04F79EFBC}") = "TeduShop.UnitTest", "TeduShop.UnitTest\TeduShop.UnitTest.csproj", "{F2346B34-E0FF-4A29-8F21-591F07315395}"
EndProject
Project("{FAE04EC0-301F-11D3-BF4B-00C04F79EFBC}") = "TeduShop.Web", "TeduShop.Web\TeduShop.Web.csproj", "{C379EBEA-9FBF-4521-A260-292083E8EE28}"
EndProject
Global
	GlobalSection(SolutionConfigurationPlatforms) = preSolution
		Debug|Any CPU = Debug|Any CPU
		Release|Any CPU = Release|Any CPU
	EndGlobalSection
	GlobalSection(ProjectConfigurationPlatforms) = postSolution
		{7F002FE3-1639-4DC0-92D2-64DC3552ABA6}.Debug|Any CPU.ActiveCfg = Debug|Any CPU
		{7F002FE3-1639-4DC0-92D2-64DC3552ABA6}.Debug|Any CPU.Build.0 = Debug|Any CPU
		{7F002FE3-1639-4DC0-92D2-64DC3552ABA6}.Release|Any CPU.ActiveCfg = Release|Any CPU
		{7F002FE3-1639-4DC0-92D2-64DC3552ABA6}.Release|Any CPU.Build.0 = Release|Any CPU
		{84E8E5C4-EE59-4064-983F-9D00F3A91AED}.Debug|Any CPU.ActiveCfg = Debug|Any CPU
		{84E8E5C4-EE59-4064-983F-9D00F3A91AED}.Debug|Any CPU.Build.0 = Debug|Any CPU
		{84E8E5C4-EE59-4064-983F-9D00F3A91AED}.Release|Any CPU.ActiveCfg = Release|Any CPU
		{84E8E5C4-EE59-4064-983F-9D00F3A91AED}.Release|Any CPU.Build.0 = Release|Any CPU
		{E8CBBA2B-F167-419D-9E1D-DB512EEA2EDA}.Debug|Any CPU.ActiveCfg = Debug|Any CPU
		{E8CBBA2B-F167-419D-9E1D-DB512EEA2EDA}.Debug|Any CPU.Build.0 = Debug|Any CPU
		{E8CBBA2B-F167-419D-9E1D-DB512EEA2EDA}.Release|Any CPU.ActiveCfg = Release|Any CPU
		{E8CBBA2B-F167-419D-9E1D-DB512EEA2EDA}.Release|Any CPU.Build.0 = Release|Any CPU
		{50FE056E-98AF-44BB-BD4D-FF40C5083FEC}.Debug|Any CPU.ActiveCfg = Debug|Any CPU
		{50FE056E-98AF-44BB-BD4D-FF40C5083FEC}.Debug|Any CPU.Build.0 = Debug|Any CPU
		{50FE056E-98AF-44BB-BD4D-FF40C5083FEC}.Release|Any CPU.ActiveCfg = Release|Any CPU
		{50FE056E-98AF-44BB-BD4D-FF40C5083FEC}.Release|Any CPU.Build.0 = Release|Any CPU
		{F2346B34-E0FF-4A29-8F21-591F07315395}.Debug|Any CPU.ActiveCfg = Debug|Any CPU
		{F2346B34-E0FF-4A29-8F21-591F07315395}.Debug|Any CPU.Build.0 = Debug|Any CPU
		{F2346B34-E0FF-4A29-8F21-591F07315395}.Release|Any CPU.ActiveCfg = Release|Any CPU
		{F2346B34-E0FF-4A29-8F21-591F07315395}.Release|Any CPU.Build.0 = Release|Any CPU
		{C379EBEA-9FBF-4521-A260-292083E8EE28}.Debug|Any CPU.ActiveCfg = Debug|Any CPU
		{C379EBEA-9FBF-4521-A260-292083E8EE28}.Debug|Any CPU.Build.0 = Debug|Any CPU
		{C379EBEA-9FBF-4521-A260-292083E8EE28}.Release|Any CPU.ActiveCfg = Release|Any CPU
		{C379EBEA-9FBF-4521-A260-292083E8EE28}.Release|Any CPU.Build.0 = Release|Any CPU
	EndGlobalSection
	GlobalSection(SolutionProperties) = preSolution
		HideSolutionNode = FALSE
	EndGlobalSection
EndGlobal
